Microsoft Visual Studio Solution File, Format Version 12.00
# Visual Studio Version 17
VisualStudioVersion = 17.5.2.0
MinimumVisualStudioVersion = 10.0.40219.1
Project("{FAE04EC0-301F-11D3-BF4B-00C04F79EFBC}") = "LemmikkiAPI", "LemmikkiAPI\LemmikkiAPI.csproj", "{809D560F-CF91-45EA-3E69-E71BD8830A1E}"
EndProject
Global
	GlobalSection(SolutionConfigurationPlatforms) = preSolution
		Debug|Any CPU = Debug|Any CPU
		Release|Any CPU = Release|Any CPU
	EndGlobalSection
	GlobalSection(ProjectConfigurationPlatforms) = postSolution
		{809D560F-CF91-45EA-3E69-E71BD8830A1E}.Debug|Any CPU.ActiveCfg = Debug|Any CPU
		{809D560F-CF91-45EA-3E69-E71BD8830A1E}.Debug|Any CPU.Build.0 = Debug|Any CPU
		{809D560F-CF91-45EA-3E69-E71BD8830A1E}.Release|Any CPU.ActiveCfg = Release|Any CPU
		{809D560F-CF91-45EA-3E69-E71BD8830A1E}.Release|Any CPU.Build.0 = Release|Any CPU
	EndGlobalSection
	GlobalSection(SolutionProperties) = preSolution
		HideSolutionNode = FALSE
	EndGlobalSection
	GlobalSection(ExtensibilityGlobals) = postSolution
		SolutionGuid = {381C421F-8775-46C3-8A16-14A7153FC96B}
	EndGlobalSection
EndGlobal
